// !$*UTF8*$!
{
	archiveVersion = 1;
	classes = {
	};
	objectVersion = 56;
	objects = {

/* Begin PBXBuildFile section */
		9F622B922BE0A94F00874FDE /* AppDelegate.swift in Sources */ = {isa = PBXBuildFile; fileRef = 9F622B912BE0A94F00874FDE /* AppDelegate.swift */; };
		9F622B942BE0A94F00874FDE /* SceneDelegate.swift in Sources */ = {isa = PBXBuildFile; fileRef = 9F622B932BE0A94F00874FDE /* SceneDelegate.swift */; };
		9F622B962BE0A94F00874FDE /* ViewController.swift in Sources */ = {isa = PBXBuildFile; fileRef = 9F622B952BE0A94F00874FDE /* ViewController.swift */; };
		9F622B992BE0A94F00874FDE /* Base in Resources */ = {isa = PBXBuildFile; fileRef = 9F622B982BE0A94F00874FDE /* Base */; };
		9F622B9C2BE0A94F00874FDE /* exam_mod5.xcdatamodeld in Sources */ = {isa = PBXBuildFile; fileRef = 9F622B9A2BE0A94F00874FDE /* exam_mod5.xcdatamodeld */; };
		9F622B9E2BE0A95000874FDE /* Assets.xcassets in Resources */ = {isa = PBXBuildFile; fileRef = 9F622B9D2BE0A95000874FDE /* Assets.xcassets */; };
		9F622BA12BE0A95000874FDE /* Base in Resources */ = {isa = PBXBuildFile; fileRef = 9F622BA02BE0A95000874FDE /* Base */; };
		9F622BAC2BE1075B00874FDE /* AuthViewController.swift in Sources */ = {isa = PBXBuildFile; fileRef = 9F622BAB2BE1075B00874FDE /* AuthViewController.swift */; };
		9F622BAE2BE1077700874FDE /* RegViewController.swift in Sources */ = {isa = PBXBuildFile; fileRef = 9F622BAD2BE1077700874FDE /* RegViewController.swift */; };
		9F622BB22BE107D300874FDE /* ProfileViewController.swift in Sources */ = {isa = PBXBuildFile; fileRef = 9F622BB12BE107D300874FDE /* ProfileViewController.swift */; };
		9F622BB62BE1084700874FDE /* AppointmentViewController.swift in Sources */ = {isa = PBXBuildFile; fileRef = 9F622BB52BE1084700874FDE /* AppointmentViewController.swift */; };
		9F622BB82BE1086400874FDE /* AppointmentTableViewCell.swift in Sources */ = {isa = PBXBuildFile; fileRef = 9F622BB72BE1086400874FDE /* AppointmentTableViewCell.swift */; };
		9F622BBA2BE108A500874FDE /* ListDoctorsViewController.swift in Sources */ = {isa = PBXBuildFile; fileRef = 9F622BB92BE108A500874FDE /* ListDoctorsViewController.swift */; };
		9F622BBC2BE108BF00874FDE /* ListDoctorsTableViewCell.swift in Sources */ = {isa = PBXBuildFile; fileRef = 9F622BBB2BE108BF00874FDE /* ListDoctorsTableViewCell.swift */; };
		9F622BBE2BE108F700874FDE /* DetailDoctorViewController.swift in Sources */ = {isa = PBXBuildFile; fileRef = 9F622BBD2BE108F700874FDE /* DetailDoctorViewController.swift */; };
		9F622BC02BE1092100874FDE /* AddAppointmentViewController.swift in Sources */ = {isa = PBXBuildFile; fileRef = 9F622BBF2BE1092100874FDE /* AddAppointmentViewController.swift */; };
		9F622BC22BE10D1200874FDE /* MainTabBarController.swift in Sources */ = {isa = PBXBuildFile; fileRef = 9F622BC12BE10D1200874FDE /* MainTabBarController.swift */; };
		9F622BC52BE1172200874FDE /* FirebaseAuth in Frameworks */ = {isa = PBXBuildFile; productRef = 9F622BC42BE1172200874FDE /* FirebaseAuth */; };
		9F622BC72BE1172200874FDE /* FirebaseDatabase in Frameworks */ = {isa = PBXBuildFile; productRef = 9F622BC62BE1172200874FDE /* FirebaseDatabase */; };
		9F622BC92BE1172200874FDE /* FirebaseDatabaseSwift in Frameworks */ = {isa = PBXBuildFile; productRef = 9F622BC82BE1172200874FDE /* FirebaseDatabaseSwift */; };
		9F622BCB2BE1172200874FDE /* FirebaseStorage in Frameworks */ = {isa = PBXBuildFile; productRef = 9F622BCA2BE1172200874FDE /* FirebaseStorage */; };
		9F622BCD2BE1188500874FDE /* GoogleService-Info.plist in Resources */ = {isa = PBXBuildFile; fileRef = 9F622BCC2BE1188500874FDE /* GoogleService-Info.plist */; };
		9F622C182BE3797B00874FDE /* DataManager.swift in Sources */ = {isa = PBXBuildFile; fileRef = 9F622C172BE3797B00874FDE /* DataManager.swift */; };
		9F622C1A2BE3917C00874FDE /* Doctors.swift in Sources */ = {isa = PBXBuildFile; fileRef = 9F622C192BE3917C00874FDE /* Doctors.swift */; };
		9F622C1C2BE39C4900874FDE /* Appointments.swift in Sources */ = {isa = PBXBuildFile; fileRef = 9F622C1B2BE39C4900874FDE /* Appointments.swift */; };
/* End PBXBuildFile section */

/* Begin PBXFileReference section */
		9F622B8E2BE0A94F00874FDE /* exam_mod5.app */ = {isa = PBXFileReference; explicitFileType = wrapper.application; includeInIndex = 0; path = exam_mod5.app; sourceTree = BUILT_PRODUCTS_DIR; };
		9F622B912BE0A94F00874FDE /* AppDelegate.swift */ = {isa = PBXFileReference; lastKnownFileType = sourcecode.swift; path = AppDelegate.swift; sourceTree = "<group>"; };
		9F622B932BE0A94F00874FDE /* SceneDelegate.swift */ = {isa = PBXFileReference; lastKnownFileType = sourcecode.swift; path = SceneDelegate.swift; sourceTree = "<group>"; };
		9F622B952BE0A94F00874FDE /* ViewController.swift */ = {isa = PBXFileReference; lastKnownFileType = sourcecode.swift; path = ViewController.swift; sourceTree = "<group>"; };
		9F622B982BE0A94F00874FDE /* Base */ = {isa = PBXFileReference; lastKnownFileType = file.storyboard; name = Base; path = Base.lproj/Main.storyboard; sourceTree = "<group>"; };
		9F622B9B2BE0A94F00874FDE /* exam_mod5.xcdatamodel */ = {isa = PBXFileReference; lastKnownFileType = wrapper.xcdatamodel; path = exam_mod5.xcdatamodel; sourceTree = "<group>"; };
		9F622B9D2BE0A95000874FDE /* Assets.xcassets */ = {isa = PBXFileReference; lastKnownFileType = folder.assetcatalog; path = Assets.xcassets; sourceTree = "<group>"; };
		9F622BA02BE0A95000874FDE /* Base */ = {isa = PBXFileReference; lastKnownFileType = file.storyboard; name = Base; path = Base.lproj/LaunchScreen.storyboard; sourceTree = "<group>"; };
		9F622BA22BE0A95000874FDE /* Info.plist */ = {isa = PBXFileReference; lastKnownFileType = text.plist.xml; path = Info.plist; sourceTree = "<group>"; };
		9F622BAB2BE1075B00874FDE /* AuthViewController.swift */ = {isa = PBXFileReference; lastKnownFileType = sourcecode.swift; path = AuthViewController.swift; sourceTree = "<group>"; };
		9F622BAD2BE1077700874FDE /* RegViewController.swift */ = {isa = PBXFileReference; lastKnownFileType = sourcecode.swift; path = RegViewController.swift; sourceTree = "<group>"; };
		9F622BB12BE107D300874FDE /* ProfileViewController.swift */ = {isa = PBXFileReference; lastKnownFileType = sourcecode.swift; path = ProfileViewController.swift; sourceTree = "<group>"; };
		9F622BB52BE1084700874FDE /* AppointmentViewController.swift */ = {isa = PBXFileReference; lastKnownFileType = sourcecode.swift; path = AppointmentViewController.swift; sourceTree = "<group>"; };
		9F622BB72BE1086400874FDE /* AppointmentTableViewCell.swift */ = {isa = PBXFileReference; lastKnownFileType = sourcecode.swift; path = AppointmentTableViewCell.swift; sourceTree = "<group>"; };
		9F622BB92BE108A500874FDE /* ListDoctorsViewController.swift */ = {isa = PBXFileReference; lastKnownFileType = sourcecode.swift; path = ListDoctorsViewController.swift; sourceTree = "<group>"; };
		9F622BBB2BE108BF00874FDE /* ListDoctorsTableViewCell.swift */ = {isa = PBXFileReference; lastKnownFileType = sourcecode.swift; path = ListDoctorsTableViewCell.swift; sourceTree = "<group>"; };
		9F622BBD2BE108F700874FDE /* DetailDoctorViewController.swift */ = {isa = PBXFileReference; lastKnownFileType = sourcecode.swift; path = DetailDoctorViewController.swift; sourceTree = "<group>"; };
		9F622BBF2BE1092100874FDE /* AddAppointmentViewController.swift */ = {isa = PBXFileReference; lastKnownFileType = sourcecode.swift; path = AddAppointmentViewController.swift; sourceTree = "<group>"; };
		9F622BC12BE10D1200874FDE /* MainTabBarController.swift */ = {isa = PBXFileReference; lastKnownFileType = sourcecode.swift; path = MainTabBarController.swift; sourceTree = "<group>"; };
		9F622BCC2BE1188500874FDE /* GoogleService-Info.plist */ = {isa = PBXFileReference; fileEncoding = 4; lastKnownFileType = text.plist.xml; path = "GoogleService-Info.plist"; sourceTree = "<group>"; };
		9F622C172BE3797B00874FDE /* DataManager.swift */ = {isa = PBXFileReference; lastKnownFileType = sourcecode.swift; path = DataManager.swift; sourceTree = "<group>"; };
		9F622C192BE3917C00874FDE /* Doctors.swift */ = {isa = PBXFileReference; lastKnownFileType = sourcecode.swift; path = Doctors.swift; sourceTree = "<group>"; };
		9F622C1B2BE39C4900874FDE /* Appointments.swift */ = {isa = PBXFileReference; lastKnownFileType = sourcecode.swift; path = Appointments.swift; sourceTree = "<group>"; };
/* End PBXFileReference section */

/* Begin PBXFrameworksBuildPhase section */
		9F622B8B2BE0A94F00874FDE /* Frameworks */ = {
			isa = PBXFrameworksBuildPhase;
			buildActionMask = 2147483647;
			files = (
				9F622BC92BE1172200874FDE /* FirebaseDatabaseSwift in Frameworks */,
				9F622BCB2BE1172200874FDE /* FirebaseStorage in Frameworks */,
				9F622BC72BE1172200874FDE /* FirebaseDatabase in Frameworks */,
				9F622BC52BE1172200874FDE /* FirebaseAuth in Frameworks */,
			);
			runOnlyForDeploymentPostprocessing = 0;
		};
/* End PBXFrameworksBuildPhase section */

/* Begin PBXGroup section */
		9F622B852BE0A94F00874FDE = {
			isa = PBXGroup;
			children = (
				9F622B902BE0A94F00874FDE /* exam_mod5 */,
				9F622B8F2BE0A94F00874FDE /* Products */,
			);
			sourceTree = "<group>";
		};
		9F622B8F2BE0A94F00874FDE /* Products */ = {
			isa = PBXGroup;
			children = (
				9F622B8E2BE0A94F00874FDE /* exam_mod5.app */,
			);
			name = Products;
			sourceTree = "<group>";
		};
		9F622B902BE0A94F00874FDE /* exam_mod5 */ = {
			isa = PBXGroup;
			children = (
				9F622C162BE3796000874FDE /* Helpers */,
				9F622BCC2BE1188500874FDE /* GoogleService-Info.plist */,
				9F622BAA2BE1069300874FDE /* Models */,
				9F622BA92BE1068900874FDE /* Views */,
				9F622BA82BE1067200874FDE /* Controllers */,
				9F622B912BE0A94F00874FDE /* AppDelegate.swift */,
				9F622B932BE0A94F00874FDE /* SceneDelegate.swift */,
				9F622B952BE0A94F00874FDE /* ViewController.swift */,
				9F622B9D2BE0A95000874FDE /* Assets.xcassets */,
				9F622BA22BE0A95000874FDE /* Info.plist */,
				9F622B9A2BE0A94F00874FDE /* exam_mod5.xcdatamodeld */,
			);
			path = exam_mod5;
			sourceTree = "<group>";
		};
		9F622BA82BE1067200874FDE /* Controllers */ = {
			isa = PBXGroup;
			children = (
				9F622BB42BE1081400874FDE /* Appointment */,
				9F622BB32BE107F900874FDE /* Doctors */,
				9F622BAB2BE1075B00874FDE /* AuthViewController.swift */,
				9F622BAD2BE1077700874FDE /* RegViewController.swift */,
				9F622BB12BE107D300874FDE /* ProfileViewController.swift */,
				9F622BC12BE10D1200874FDE /* MainTabBarController.swift */,
			);
			path = Controllers;
			sourceTree = "<group>";
		};
		9F622BA92BE1068900874FDE /* Views */ = {
			isa = PBXGroup;
			children = (
				9F622B972BE0A94F00874FDE /* Main.storyboard */,
				9F622B9F2BE0A95000874FDE /* LaunchScreen.storyboard */,
			);
			path = Views;
			sourceTree = "<group>";
		};
		9F622BAA2BE1069300874FDE /* Models */ = {
			isa = PBXGroup;
			children = (
				9F622C192BE3917C00874FDE /* Doctors.swift */,
				9F622C1B2BE39C4900874FDE /* Appointments.swift */,
			);
			path = Models;
			sourceTree = "<group>";
		};
		9F622BB32BE107F900874FDE /* Doctors */ = {
			isa = PBXGroup;
			children = (
				9F622BB92BE108A500874FDE /* ListDoctorsViewController.swift */,
				9F622BBB2BE108BF00874FDE /* ListDoctorsTableViewCell.swift */,
				9F622BBD2BE108F700874FDE /* DetailDoctorViewController.swift */,
				9F622BBF2BE1092100874FDE /* AddAppointmentViewController.swift */,
			);
			path = Doctors;
			sourceTree = "<group>";
		};
		9F622BB42BE1081400874FDE /* Appointment */ = {
			isa = PBXGroup;
			children = (
				9F622BB52BE1084700874FDE /* AppointmentViewController.swift */,
				9F622BB72BE1086400874FDE /* AppointmentTableViewCell.swift */,
			);
			path = Appointment;
			sourceTree = "<group>";
		};
		9F622C162BE3796000874FDE /* Helpers */ = {
			isa = PBXGroup;
			children = (
				9F622C172BE3797B00874FDE /* DataManager.swift */,
			);
			path = Helpers;
			sourceTree = "<group>";
		};
/* End PBXGroup section */

/* Begin PBXNativeTarget section */
		9F622B8D2BE0A94F00874FDE /* exam_mod5 */ = {
			isa = PBXNativeTarget;
			buildConfigurationList = 9F622BA52BE0A95000874FDE /* Build configuration list for PBXNativeTarget "exam_mod5" */;
			buildPhases = (
				9F622B8A2BE0A94F00874FDE /* Sources */,
				9F622B8B2BE0A94F00874FDE /* Frameworks */,
				9F622B8C2BE0A94F00874FDE /* Resources */,
			);
			buildRules = (
			);
			dependencies = (
			);
			name = exam_mod5;
			packageProductDependencies = (
				9F622BC42BE1172200874FDE /* FirebaseAuth */,
				9F622BC62BE1172200874FDE /* FirebaseDatabase */,
				9F622BC82BE1172200874FDE /* FirebaseDatabaseSwift */,
				9F622BCA2BE1172200874FDE /* FirebaseStorage */,
			);
			productName = exam_mod5;
			productReference = 9F622B8E2BE0A94F00874FDE /* exam_mod5.app */;
			productType = "com.apple.product-type.application";
		};
/* End PBXNativeTarget section */

/* Begin PBXProject section */
		9F622B862BE0A94F00874FDE /* Project object */ = {
			isa = PBXProject;
			attributes = {
				BuildIndependentTargetsInParallel = 1;
				LastSwiftUpdateCheck = 1530;
				LastUpgradeCheck = 1530;
				TargetAttributes = {
					9F622B8D2BE0A94F00874FDE = {
						CreatedOnToolsVersion = 15.3;
					};
				};
			};
			buildConfigurationList = 9F622B892BE0A94F00874FDE /* Build configuration list for PBXProject "exam_mod5" */;
			compatibilityVersion = "Xcode 14.0";
			developmentRegion = en;
			hasScannedForEncodings = 0;
			knownRegions = (
				en,
				Base,
			);
			mainGroup = 9F622B852BE0A94F00874FDE;
			packageReferences = (
				9F622BC32BE1172200874FDE /* XCRemoteSwiftPackageReference "firebase-ios-sdk" */,
			);
			productRefGroup = 9F622B8F2BE0A94F00874FDE /* Products */;
			projectDirPath = "";
			projectRoot = "";
			targets = (
				9F622B8D2BE0A94F00874FDE /* exam_mod5 */,
			);
		};
/* End PBXProject section */

/* Begin PBXResourcesBuildPhase section */
		9F622B8C2BE0A94F00874FDE /* Resources */ = {
			isa = PBXResourcesBuildPhase;
			buildActionMask = 2147483647;
			files = (
				9F622B9E2BE0A95000874FDE /* Assets.xcassets in Resources */,
				9F622BCD2BE1188500874FDE /* GoogleService-Info.plist in Resources */,
				9F622BA12BE0A95000874FDE /* Base in Resources */,
				9F622B992BE0A94F00874FDE /* Base in Resources */,
			);
			runOnlyForDeploymentPostprocessing = 0;
		};
/* End PBXResourcesBuildPhase section */

/* Begin PBXSourcesBuildPhase section */
		9F622B8A2BE0A94F00874FDE /* Sources */ = {
			isa = PBXSourcesBuildPhase;
			buildActionMask = 2147483647;
			files = (
				9F622B962BE0A94F00874FDE /* ViewController.swift in Sources */,
				9F622C182BE3797B00874FDE /* DataManager.swift in Sources */,
				9F622BAE2BE1077700874FDE /* RegViewController.swift in Sources */,
				9F622BC22BE10D1200874FDE /* MainTabBarController.swift in Sources */,
				9F622BBA2BE108A500874FDE /* ListDoctorsViewController.swift in Sources */,
				9F622B9C2BE0A94F00874FDE /* exam_mod5.xcdatamodeld in Sources */,
				9F622C1A2BE3917C00874FDE /* Doctors.swift in Sources */,
				9F622BAC2BE1075B00874FDE /* AuthViewController.swift in Sources */,
				9F622BBC2BE108BF00874FDE /* ListDoctorsTableViewCell.swift in Sources */,
				9F622B922BE0A94F00874FDE /* AppDelegate.swift in Sources */,
				9F622BC02BE1092100874FDE /* AddAppointmentViewController.swift in Sources */,
				9F622BB62BE1084700874FDE /* AppointmentViewController.swift in Sources */,
				9F622BB82BE1086400874FDE /* AppointmentTableViewCell.swift in Sources */,
				9F622BB22BE107D300874FDE /* ProfileViewController.swift in Sources */,
				9F622B942BE0A94F00874FDE /* SceneDelegate.swift in Sources */,
				9F622BBE2BE108F700874FDE /* DetailDoctorViewController.swift in Sources */,
				9F622C1C2BE39C4900874FDE /* Appointments.swift in Sources */,
			);
			runOnlyForDeploymentPostprocessing = 0;
		};
/* End PBXSourcesBuildPhase section */

/* Begin PBXVariantGroup section */
		9F622B972BE0A94F00874FDE /* Main.storyboard */ = {
			isa = PBXVariantGroup;
			children = (
				9F622B982BE0A94F00874FDE /* Base */,
			);
			name = Main.storyboard;
			sourceTree = "<group>";
		};
		9F622B9F2BE0A95000874FDE /* LaunchScreen.storyboard */ = {
			isa = PBXVariantGroup;
			children = (
				9F622BA02BE0A95000874FDE /* Base */,
			);
			name = LaunchScreen.storyboard;
			sourceTree = "<group>";
		};
/* End PBXVariantGroup section */

/* Begin XCBuildConfiguration section */
		9F622BA32BE0A95000874FDE /* Debug */ = {
			isa = XCBuildConfiguration;
			buildSettings = {
				ALWAYS_SEARCH_USER_PATHS = NO;
				ASSETCATALOG_COMPILER_GENERATE_SWIFT_ASSET_SYMBOL_EXTENSIONS = YES;
				CLANG_ANALYZER_NONNULL = YES;
				CLANG_ANALYZER_NUMBER_OBJECT_CONVERSION = YES_AGGRESSIVE;
				CLANG_CXX_LANGUAGE_STANDARD = "gnu++20";
				CLANG_ENABLE_MODULES = YES;
				CLANG_ENABLE_OBJC_ARC = YES;
				CLANG_ENABLE_OBJC_WEAK = YES;
				CLANG_WARN_BLOCK_CAPTURE_AUTORELEASING = YES;
				CLANG_WARN_BOOL_CONVERSION = YES;
				CLANG_WARN_COMMA = YES;
				CLANG_WARN_CONSTANT_CONVERSION = YES;
				CLANG_WARN_DEPRECATED_OBJC_IMPLEMENTATIONS = YES;
				CLANG_WARN_DIRECT_OBJC_ISA_USAGE = YES_ERROR;
				CLANG_WARN_DOCUMENTATION_COMMENTS = YES;
				CLANG_WARN_EMPTY_BODY = YES;
				CLANG_WARN_ENUM_CONVERSION = YES;
				CLANG_WARN_INFINITE_RECURSION = YES;
				CLANG_WARN_INT_CONVERSION = YES;
				CLANG_WARN_NON_LITERAL_NULL_CONVERSION = YES;
				CLANG_WARN_OBJC_IMPLICIT_RETAIN_SELF = YES;
				CLANG_WARN_OBJC_LITERAL_CONVERSION = YES;
				CLANG_WARN_OBJC_ROOT_CLASS = YES_ERROR;
				CLANG_WARN_QUOTED_INCLUDE_IN_FRAMEWORK_HEADER = YES;
				CLANG_WARN_RANGE_LOOP_ANALYSIS = YES;
				CLANG_WARN_STRICT_PROTOTYPES = YES;
				CLANG_WARN_SUSPICIOUS_MOVE = YES;
				CLANG_WARN_UNGUARDED_AVAILABILITY = YES_AGGRESSIVE;
				CLANG_WARN_UNREACHABLE_CODE = YES;
				CLANG_WARN__DUPLICATE_METHOD_MATCH = YES;
				COPY_PHASE_STRIP = NO;
				DEBUG_INFORMATION_FORMAT = dwarf;
				ENABLE_STRICT_OBJC_MSGSEND = YES;
				ENABLE_TESTABILITY = YES;
				ENABLE_USER_SCRIPT_SANDBOXING = YES;
				GCC_C_LANGUAGE_STANDARD = gnu17;
				GCC_DYNAMIC_NO_PIC = NO;
				GCC_NO_COMMON_BLOCKS = YES;
				GCC_OPTIMIZATION_LEVEL = 0;
				GCC_PREPROCESSOR_DEFINITIONS = (
					"DEBUG=1",
					"$(inherited)",
				);
				GCC_WARN_64_TO_32_BIT_CONVERSION = YES;
				GCC_WARN_ABOUT_RETURN_TYPE = YES_ERROR;
				GCC_WARN_UNDECLARED_SELECTOR = YES;
				GCC_WARN_UNINITIALIZED_AUTOS = YES_AGGRESSIVE;
				GCC_WARN_UNUSED_FUNCTION = YES;
				GCC_WARN_UNUSED_VARIABLE = YES;
				IPHONEOS_DEPLOYMENT_TARGET = 17.4;
				LOCALIZATION_PREFERS_STRING_CATALOGS = YES;
				MTL_ENABLE_DEBUG_INFO = INCLUDE_SOURCE;
				MTL_FAST_MATH = YES;
				ONLY_ACTIVE_ARCH = YES;
				SDKROOT = iphoneos;
				SWIFT_ACTIVE_COMPILATION_CONDITIONS = "DEBUG $(inherited)";
				SWIFT_OPTIMIZATION_LEVEL = "-Onone";
			};
			name = Debug;
		};
		9F622BA42BE0A95000874FDE /* Release */ = {
			isa = XCBuildConfiguration;
			buildSettings = {
				ALWAYS_SEARCH_USER_PATHS = NO;
				ASSETCATALOG_COMPILER_GENERATE_SWIFT_ASSET_SYMBOL_EXTENSIONS = YES;
				CLANG_ANALYZER_NONNULL = YES;
				CLANG_ANALYZER_NUMBER_OBJECT_CONVERSION = YES_AGGRESSIVE;
				CLANG_CXX_LANGUAGE_STANDARD = "gnu++20";
				CLANG_ENABLE_MODULES = YES;
				CLANG_ENABLE_OBJC_ARC = YES;
				CLANG_ENABLE_OBJC_WEAK = YES;
				CLANG_WARN_BLOCK_CAPTURE_AUTORELEASING = YES;
				CLANG_WARN_BOOL_CONVERSION = YES;
				CLANG_WARN_COMMA = YES;
				CLANG_WARN_CONSTANT_CONVERSION = YES;
				CLANG_WARN_DEPRECATED_OBJC_IMPLEMENTATIONS = YES;
				CLANG_WARN_DIRECT_OBJC_ISA_USAGE = YES_ERROR;
				CLANG_WARN_DOCUMENTATION_COMMENTS = YES;
				CLANG_WARN_EMPTY_BODY = YES;
				CLANG_WARN_ENUM_CONVERSION = YES;
				CLANG_WARN_INFINITE_RECURSION = YES;
				CLANG_WARN_INT_CONVERSION = YES;
				CLANG_WARN_NON_LITERAL_NULL_CONVERSION = YES;
				CLANG_WARN_OBJC_IMPLICIT_RETAIN_SELF = YES;
				CLANG_WARN_OBJC_LITERAL_CONVERSION = YES;
				CLANG_WARN_OBJC_ROOT_CLASS = YES_ERROR;
				CLANG_WARN_QUOTED_INCLUDE_IN_FRAMEWORK_HEADER = YES;
				CLANG_WARN_RANGE_LOOP_ANALYSIS = YES;
				CLANG_WARN_STRICT_PROTOTYPES = YES;
				CLANG_WARN_SUSPICIOUS_MOVE = YES;
				CLANG_WARN_UNGUARDED_AVAILABILITY = YES_AGGRESSIVE;
				CLANG_WARN_UNREACHABLE_CODE = YES;
				CLANG_WARN__DUPLICATE_METHOD_MATCH = YES;
				COPY_PHASE_STRIP = NO;
				DEBUG_INFORMATION_FORMAT = "dwarf-with-dsym";
				ENABLE_NS_ASSERTIONS = NO;
				ENABLE_STRICT_OBJC_MSGSEND = YES;
				ENABLE_USER_SCRIPT_SANDBOXING = YES;
				GCC_C_LANGUAGE_STANDARD = gnu17;
				GCC_NO_COMMON_BLOCKS = YES;
				GCC_WARN_64_TO_32_BIT_CONVERSION = YES;
				GCC_WARN_ABOUT_RETURN_TYPE = YES_ERROR;
				GCC_WARN_UNDECLARED_SELECTOR = YES;
				GCC_WARN_UNINITIALIZED_AUTOS = YES_AGGRESSIVE;
				GCC_WARN_UNUSED_FUNCTION = YES;
				GCC_WARN_UNUSED_VARIABLE = YES;
				IPHONEOS_DEPLOYMENT_TARGET = 17.4;
				LOCALIZATION_PREFERS_STRING_CATALOGS = YES;
				MTL_ENABLE_DEBUG_INFO = NO;
				MTL_FAST_MATH = YES;
				SDKROOT = iphoneos;
				SWIFT_COMPILATION_MODE = wholemodule;
				VALIDATE_PRODUCT = YES;
			};
			name = Release;
		};
		9F622BA62BE0A95000874FDE /* Debug */ = {
			isa = XCBuildConfiguration;
			buildSettings = {
				ASSETCATALOG_COMPILER_APPICON_NAME = AppIcon;
				ASSETCATALOG_COMPILER_GLOBAL_ACCENT_COLOR_NAME = AccentColor;
				CODE_SIGN_STYLE = Automatic;
				CURRENT_PROJECT_VERSION = 1;
				DEVELOPMENT_TEAM = S5BZSQ678A;
				GENERATE_INFOPLIST_FILE = YES;
				INFOPLIST_FILE = exam_mod5/Info.plist;
				INFOPLIST_KEY_UIApplicationSupportsIndirectInputEvents = YES;
				INFOPLIST_KEY_UILaunchStoryboardName = LaunchScreen;
				INFOPLIST_KEY_UIMainStoryboardFile = Main;
				INFOPLIST_KEY_UISupportedInterfaceOrientations_iPad = "UIInterfaceOrientationPortrait UIInterfaceOrientationPortraitUpsideDown UIInterfaceOrientationLandscapeLeft UIInterfaceOrientationLandscapeRight";
				INFOPLIST_KEY_UISupportedInterfaceOrientations_iPhone = "UIInterfaceOrientationPortrait UIInterfaceOrientationLandscapeLeft UIInterfaceOrientationLandscapeRight";
				LD_RUNPATH_SEARCH_PATHS = (
					"$(inherited)",
					"@executable_path/Frameworks",
				);
				MARKETING_VERSION = 1.0;
				PRODUCT_BUNDLE_IDENTIFIER = "com.mukaramgaitova.exam-mod5";
				PRODUCT_NAME = "$(TARGET_NAME)";
				SWIFT_EMIT_LOC_STRINGS = YES;
				SWIFT_VERSION = 5.0;
				TARGETED_DEVICE_FAMILY = "1,2";
			};
			name = Debug;
		};
		9F622BA72BE0A95000874FDE /* Release */ = {
			isa = XCBuildConfiguration;
			buildSettings = {
				ASSETCATALOG_COMPILER_APPICON_NAME = AppIcon;
				ASSETCATALOG_COMPILER_GLOBAL_ACCENT_COLOR_NAME = AccentColor;
				CODE_SIGN_STYLE = Automatic;
				CURRENT_PROJECT_VERSION = 1;
				DEVELOPMENT_TEAM = S5BZSQ678A;
				GENERATE_INFOPLIST_FILE = YES;
				INFOPLIST_FILE = exam_mod5/Info.plist;
				INFOPLIST_KEY_UIApplicationSupportsIndirectInputEvents = YES;
				INFOPLIST_KEY_UILaunchStoryboardName = LaunchScreen;
				INFOPLIST_KEY_UIMainStoryboardFile = Main;
				INFOPLIST_KEY_UISupportedInterfaceOrientations_iPad = "UIInterfaceOrientationPortrait UIInterfaceOrientationPortraitUpsideDown UIInterfaceOrientationLandscapeLeft UIInterfaceOrientationLandscapeRight";
				INFOPLIST_KEY_UISupportedInterfaceOrientations_iPhone = "UIInterfaceOrientationPortrait UIInterfaceOrientationLandscapeLeft UIInterfaceOrientationLandscapeRight";
				LD_RUNPATH_SEARCH_PATHS = (
					"$(inherited)",
					"@executable_path/Frameworks",
				);
				MARKETING_VERSION = 1.0;
				PRODUCT_BUNDLE_IDENTIFIER = "com.mukaramgaitova.exam-mod5";
				PRODUCT_NAME = "$(TARGET_NAME)";
				SWIFT_EMIT_LOC_STRINGS = YES;
				SWIFT_VERSION = 5.0;
				TARGETED_DEVICE_FAMILY = "1,2";
			};
			name = Release;
		};
/* End XCBuildConfiguration section */

/* Begin XCConfigurationList section */
		9F622B892BE0A94F00874FDE /* Build configuration list for PBXProject "exam_mod5" */ = {
			isa = XCConfigurationList;
			buildConfigurations = (
				9F622BA32BE0A95000874FDE /* Debug */,
				9F622BA42BE0A95000874FDE /* Release */,
			);
			defaultConfigurationIsVisible = 0;
			defaultConfigurationName = Release;
		};
		9F622BA52BE0A95000874FDE /* Build configuration list for PBXNativeTarget "exam_mod5" */ = {
			isa = XCConfigurationList;
			buildConfigurations = (
				9F622BA62BE0A95000874FDE /* Debug */,
				9F622BA72BE0A95000874FDE /* Release */,
			);
			defaultConfigurationIsVisible = 0;
			defaultConfigurationName = Release;
		};
/* End XCConfigurationList section */

/* Begin XCRemoteSwiftPackageReference section */
		9F622BC32BE1172200874FDE /* XCRemoteSwiftPackageReference "firebase-ios-sdk" */ = {
			isa = XCRemoteSwiftPackageReference;
			repositoryURL = "https://github.com/firebase/firebase-ios-sdk";
			requirement = {
				kind = upToNextMajorVersion;
				minimumVersion = 10.24.0;
			};
		};
/* End XCRemoteSwiftPackageReference section */

/* Begin XCSwiftPackageProductDependency section */
		9F622BC42BE1172200874FDE /* FirebaseAuth */ = {
			isa = XCSwiftPackageProductDependency;
			package = 9F622BC32BE1172200874FDE /* XCRemoteSwiftPackageReference "firebase-ios-sdk" */;
			productName = FirebaseAuth;
		};
		9F622BC62BE1172200874FDE /* FirebaseDatabase */ = {
			isa = XCSwiftPackageProductDependency;
			package = 9F622BC32BE1172200874FDE /* XCRemoteSwiftPackageReference "firebase-ios-sdk" */;
			productName = FirebaseDatabase;
		};
		9F622BC82BE1172200874FDE /* FirebaseDatabaseSwift */ = {
			isa = XCSwiftPackageProductDependency;
			package = 9F622BC32BE1172200874FDE /* XCRemoteSwiftPackageReference "firebase-ios-sdk" */;
			productName = FirebaseDatabaseSwift;
		};
		9F622BCA2BE1172200874FDE /* FirebaseStorage */ = {
			isa = XCSwiftPackageProductDependency;
			package = 9F622BC32BE1172200874FDE /* XCRemoteSwiftPackageReference "firebase-ios-sdk" */;
			productName = FirebaseStorage;
		};
/* End XCSwiftPackageProductDependency section */

/* Begin XCVersionGroup section */
		9F622B9A2BE0A94F00874FDE /* exam_mod5.xcdatamodeld */ = {
			isa = XCVersionGroup;
			children = (
				9F622B9B2BE0A94F00874FDE /* exam_mod5.xcdatamodel */,
			);
			currentVersion = 9F622B9B2BE0A94F00874FDE /* exam_mod5.xcdatamodel */;
			path = exam_mod5.xcdatamodeld;
			sourceTree = "<group>";
			versionGroupType = wrapper.xcdatamodel;
		};
/* End XCVersionGroup section */
	};
	rootObject = 9F622B862BE0A94F00874FDE /* Project object */;
}
